// !$*UTF8*$!
{
	archiveVersion = 1;
	classes = {
	};
	objectVersion = 55;
	objects = {

/* Begin PBXBuildFile section */
		1544568128A673D100585431 /* AVFoundation.framework in Frameworks */ = {isa = PBXBuildFile; fileRef = 1544568028A673D100585431 /* AVFoundation.framework */; };
		1544568328A6740200585431 /* VideoToolbox.framework in Frameworks */ = {isa = PBXBuildFile; fileRef = 1544568228A6740200585431 /* VideoToolbox.framework */; };
		1544568528A6741A00585431 /* Accelerate.framework in Frameworks */ = {isa = PBXBuildFile; fileRef = 1544568428A6741A00585431 /* Accelerate.framework */; };
		1544568A28A6750C00585431 /* EAVVideoRenderer.m in Sources */ = {isa = PBXBuildFile; fileRef = 1544568928A6750C00585431 /* EAVVideoRenderer.m */; };
		1544568D28A67F5300585431 /* video_60.mov in Resources */ = {isa = PBXBuildFile; fileRef = 1544568C28A67F5300585431 /* video_60.mov */; };
		1544568F28A67F7800585431 /* fullmoon_01.mp4 in Resources */ = {isa = PBXBuildFile; fileRef = 1544568E28A67F7800585431 /* fullmoon_01.mp4 */; };
		1544569528A6828100585431 /* EAVYUV2RGBRenderNode.m in Sources */ = {isa = PBXBuildFile; fileRef = 1544569428A6828100585431 /* EAVYUV2RGBRenderNode.m */; };
		1544569C28A687DD00585431 /* yue_vs.fsh in Resources */ = {isa = PBXBuildFile; fileRef = 1544569A28A687DD00585431 /* yue_vs.fsh */; };
		1544569D28A687DD00585431 /* yue_fs.fsh in Resources */ = {isa = PBXBuildFile; fileRef = 1544569B28A687DD00585431 /* yue_fs.fsh */; };
		1553277128A4EDFF00C206DC /* THBVideoTestVC.m in Sources */ = {isa = PBXBuildFile; fileRef = 1553276F28A4EDFF00C206DC /* THBVideoTestVC.m */; };
		1553277228A4EDFF00C206DC /* THBVideoTestVC.xib in Resources */ = {isa = PBXBuildFile; fileRef = 1553277028A4EDFF00C206DC /* THBVideoTestVC.xib */; };
		155327A328A4FC4E00C206DC /* UIImage+THBExtend.m in Sources */ = {isa = PBXBuildFile; fileRef = 1553277828A4FC4E00C206DC /* UIImage+THBExtend.m */; };
		155327AC28A4FC4E00C206DC /* THBTexture.m in Sources */ = {isa = PBXBuildFile; fileRef = 1553279228A4FC4E00C206DC /* THBTexture.m */; };
		155327AD28A4FC4E00C206DC /* THBPixelBufferPoolAdaptor.m in Sources */ = {isa = PBXBuildFile; fileRef = 1553279328A4FC4E00C206DC /* THBPixelBufferPoolAdaptor.m */; };
		155327AE28A4FC4E00C206DC /* THBPixelBufferUtil.m in Sources */ = {isa = PBXBuildFile; fileRef = 1553279528A4FC4E00C206DC /* THBPixelBufferUtil.m */; };
		155327AF28A4FC4E00C206DC /* THBPixelBufferPool.m in Sources */ = {isa = PBXBuildFile; fileRef = 1553279928A4FC4E00C206DC /* THBPixelBufferPool.m */; };
		155327D728A659A300C206DC /* THBBuilder.m in Sources */ = {isa = PBXBuildFile; fileRef = 155327CC28A659A300C206DC /* THBBuilder.m */; };
		155327D828A659A300C206DC /* THBVideoMedium.m in Sources */ = {isa = PBXBuildFile; fileRef = 155327CF28A659A300C206DC /* THBVideoMedium.m */; };
		155327D928A659A300C206DC /* THBAudioMixMedium.m in Sources */ = {isa = PBXBuildFile; fileRef = 155327D028A659A300C206DC /* THBAudioMixMedium.m */; };
		155327DA28A659A300C206DC /* THBMedium.m in Sources */ = {isa = PBXBuildFile; fileRef = 155327D228A659A300C206DC /* THBMedium.m */; };
		155327DB28A659A300C206DC /* THBAudioMedium.m in Sources */ = {isa = PBXBuildFile; fileRef = 155327D328A659A300C206DC /* THBAudioMedium.m */; };
		155327E228A659E300C206DC /* THBVideoCompositor.m in Sources */ = {isa = PBXBuildFile; fileRef = 155327DD28A659E300C206DC /* THBVideoCompositor.m */; };
		155327E328A659E300C206DC /* THBVideoCompositionInstruction.m in Sources */ = {isa = PBXBuildFile; fileRef = 155327DE28A659E300C206DC /* THBVideoCompositionInstruction.m */; };
		155327E628A66FA500C206DC /* NSArray+THBExtend.m in Sources */ = {isa = PBXBuildFile; fileRef = 155327E428A66FA500C206DC /* NSArray+THBExtend.m */; };
		155327E928A66FE900C206DC /* THBAVFoundationUtil.m in Sources */ = {isa = PBXBuildFile; fileRef = 155327E828A66FE900C206DC /* THBAVFoundationUtil.m */; };
		158EECFB28B3AFF300F04514 /* MNTPMesh.mm in Sources */ = {isa = PBXBuildFile; fileRef = 158EECCC28B3AFF300F04514 /* MNTPMesh.mm */; };
		158EECFC28B3AFF300F04514 /* MNTP3DObjCache.m in Sources */ = {isa = PBXBuildFile; fileRef = 158EECCE28B3AFF300F04514 /* MNTP3DObjCache.m */; };
		158EECFD28B3AFF300F04514 /* MNTP3DAsset.m in Sources */ = {isa = PBXBuildFile; fileRef = 158EECCF28B3AFF300F04514 /* MNTP3DAsset.m */; };
		158EECFE28B3AFF300F04514 /* MNTP3DAssetLoader.mm in Sources */ = {isa = PBXBuildFile; fileRef = 158EECD228B3AFF300F04514 /* MNTP3DAssetLoader.mm */; };
		158EECFF28B3AFF300F04514 /* MNTPSubmesh.mm in Sources */ = {isa = PBXBuildFile; fileRef = 158EECD728B3AFF300F04514 /* MNTPSubmesh.mm */; };
		158EED0028B3AFF300F04514 /* MNTPMathUtils.m in Sources */ = {isa = PBXBuildFile; fileRef = 158EECD928B3AFF300F04514 /* MNTPMathUtils.m */; };
		158EED0128B3AFF300F04514 /* AAPLMathUtilities.m in Sources */ = {isa = PBXBuildFile; fileRef = 158EECDA28B3AFF300F04514 /* AAPLMathUtilities.m */; };
		158EED0228B3AFF300F04514 /* MNTPMaterial.m in Sources */ = {isa = PBXBuildFile; fileRef = 158EECDD28B3AFF300F04514 /* MNTPMaterial.m */; };
		158EED0728B3AFF300F04514 /* CXXFillColorRenderNode.m in Sources */ = {isa = PBXBuildFile; fileRef = 158EECE928B3AFF300F04514 /* CXXFillColorRenderNode.m */; };
		158EED0828B3AFF300F04514 /* THBContext.m in Sources */ = {isa = PBXBuildFile; fileRef = 158EECEB28B3AFF300F04514 /* THBContext.m */; };
		158EED0928B3AFF300F04514 /* GPUImageContext.m in Sources */ = {isa = PBXBuildFile; fileRef = 158EECEC28B3AFF300F04514 /* GPUImageContext.m */; };
		158EED0A28B3AFF300F04514 /* GLProgram.m in Sources */ = {isa = PBXBuildFile; fileRef = 158EECED28B3AFF300F04514 /* GLProgram.m */; };
		158EED0B28B3AFF300F04514 /* THBOrientationRenderNode.m in Sources */ = {isa = PBXBuildFile; fileRef = 158EECF328B3AFF300F04514 /* THBOrientationRenderNode.m */; };
		158EED0C28B3AFF300F04514 /* MipmapShaders.metal in Sources */ = {isa = PBXBuildFile; fileRef = 158EECF628B3AFF300F04514 /* MipmapShaders.metal */; };
		158EED0D28B3AFF300F04514 /* MsaaShaders.metal in Sources */ = {isa = PBXBuildFile; fileRef = 158EECF728B3AFF300F04514 /* MsaaShaders.metal */; };
		158EED0E28B3AFF300F04514 /* AAPLShaders.metal in Sources */ = {isa = PBXBuildFile; fileRef = 158EECF828B3AFF300F04514 /* AAPLShaders.metal */; };
		15D9C5D328A4EBB70094642F /* AppDelegate.m in Sources */ = {isa = PBXBuildFile; fileRef = 15D9C5D228A4EBB70094642F /* AppDelegate.m */; };
		15D9C5D628A4EBB70094642F /* SceneDelegate.m in Sources */ = {isa = PBXBuildFile; fileRef = 15D9C5D528A4EBB70094642F /* SceneDelegate.m */; };
		15D9C5D928A4EBB70094642F /* ViewController.m in Sources */ = {isa = PBXBuildFile; fileRef = 15D9C5D828A4EBB70094642F /* ViewController.m */; };
		15D9C5DC28A4EBB70094642F /* Main.storyboard in Resources */ = {isa = PBXBuildFile; fileRef = 15D9C5DA28A4EBB70094642F /* Main.storyboard */; };
		15D9C5DE28A4EBB80094642F /* Assets.xcassets in Resources */ = {isa = PBXBuildFile; fileRef = 15D9C5DD28A4EBB80094642F /* Assets.xcassets */; };
		15D9C5E128A4EBB80094642F /* LaunchScreen.storyboard in Resources */ = {isa = PBXBuildFile; fileRef = 15D9C5DF28A4EBB80094642F /* LaunchScreen.storyboard */; };
		15D9C5E428A4EBB80094642F /* main.m in Sources */ = {isa = PBXBuildFile; fileRef = 15D9C5E328A4EBB80094642F /* main.m */; };
		7018DDF93A1FD3A06E8F9B6D /* Pods_video_test.framework in Frameworks */ = {isa = PBXBuildFile; fileRef = 2EC335A1037DD5E41516850F /* Pods_video_test.framework */; };
/* End PBXBuildFile section */

/* Begin PBXFileReference section */
		1544568028A673D100585431 /* AVFoundation.framework */ = {isa = PBXFileReference; lastKnownFileType = wrapper.framework; name = AVFoundation.framework; path = System/Library/Frameworks/AVFoundation.framework; sourceTree = SDKROOT; };
		1544568228A6740200585431 /* VideoToolbox.framework */ = {isa = PBXFileReference; lastKnownFileType = wrapper.framework; name = VideoToolbox.framework; path = System/Library/Frameworks/VideoToolbox.framework; sourceTree = SDKROOT; };
		1544568428A6741A00585431 /* Accelerate.framework */ = {isa = PBXFileReference; lastKnownFileType = wrapper.framework; name = Accelerate.framework; path = System/Library/Frameworks/Accelerate.framework; sourceTree = SDKROOT; };
		1544568828A6750C00585431 /* EAVVideoRenderer.h */ = {isa = PBXFileReference; fileEncoding = 4; lastKnownFileType = sourcecode.c.h; path = EAVVideoRenderer.h; sourceTree = "<group>"; };
		1544568928A6750C00585431 /* EAVVideoRenderer.m */ = {isa = PBXFileReference; fileEncoding = 4; lastKnownFileType = sourcecode.c.objc; path = EAVVideoRenderer.m; sourceTree = "<group>"; };
		1544568C28A67F5300585431 /* video_60.mov */ = {isa = PBXFileReference; lastKnownFileType = video.quicktime; path = video_60.mov; sourceTree = "<group>"; };
		1544568E28A67F7800585431 /* fullmoon_01.mp4 */ = {isa = PBXFileReference; lastKnownFileType = file; path = fullmoon_01.mp4; sourceTree = "<group>"; };
		1544569328A6828100585431 /* EAVYUV2RGBRenderNode.h */ = {isa = PBXFileReference; fileEncoding = 4; lastKnownFileType = sourcecode.c.h; path = EAVYUV2RGBRenderNode.h; sourceTree = "<group>"; };
		1544569428A6828100585431 /* EAVYUV2RGBRenderNode.m */ = {isa = PBXFileReference; fileEncoding = 4; lastKnownFileType = sourcecode.c.objc; path = EAVYUV2RGBRenderNode.m; sourceTree = "<group>"; };
		1544569A28A687DD00585431 /* yue_vs.fsh */ = {isa = PBXFileReference; fileEncoding = 4; lastKnownFileType = sourcecode.glsl; path = yue_vs.fsh; sourceTree = "<group>"; };
		1544569B28A687DD00585431 /* yue_fs.fsh */ = {isa = PBXFileReference; fileEncoding = 4; lastKnownFileType = sourcecode.glsl; path = yue_fs.fsh; sourceTree = "<group>"; };
		1553276E28A4EDFF00C206DC /* THBVideoTestVC.h */ = {isa = PBXFileReference; lastKnownFileType = sourcecode.c.h; path = THBVideoTestVC.h; sourceTree = "<group>"; };
		1553276F28A4EDFF00C206DC /* THBVideoTestVC.m */ = {isa = PBXFileReference; lastKnownFileType = sourcecode.c.objc; path = THBVideoTestVC.m; sourceTree = "<group>"; };
		1553277028A4EDFF00C206DC /* THBVideoTestVC.xib */ = {isa = PBXFileReference; lastKnownFileType = file.xib; path = THBVideoTestVC.xib; sourceTree = "<group>"; };
		1553277828A4FC4E00C206DC /* UIImage+THBExtend.m */ = {isa = PBXFileReference; fileEncoding = 4; lastKnownFileType = sourcecode.c.objc; path = "UIImage+THBExtend.m"; sourceTree = "<group>"; };
		1553277A28A4FC4E00C206DC /* UIImage+THBExtend.h */ = {isa = PBXFileReference; fileEncoding = 4; lastKnownFileType = sourcecode.c.h; path = "UIImage+THBExtend.h"; sourceTree = "<group>"; };
		1553279228A4FC4E00C206DC /* THBTexture.m */ = {isa = PBXFileReference; fileEncoding = 4; lastKnownFileType = sourcecode.c.objc; path = THBTexture.m; sourceTree = "<group>"; };
		1553279328A4FC4E00C206DC /* THBPixelBufferPoolAdaptor.m */ = {isa = PBXFileReference; fileEncoding = 4; lastKnownFileType = sourcecode.c.objc; path = THBPixelBufferPoolAdaptor.m; sourceTree = "<group>"; };
		1553279428A4FC4E00C206DC /* THBPixelBufferPool.h */ = {isa = PBXFileReference; fileEncoding = 4; lastKnownFileType = sourcecode.c.h; path = THBPixelBufferPool.h; sourceTree = "<group>"; };
		1553279528A4FC4E00C206DC /* THBPixelBufferUtil.m */ = {isa = PBXFileReference; fileEncoding = 4; lastKnownFileType = sourcecode.c.objc; path = THBPixelBufferUtil.m; sourceTree = "<group>"; };
		1553279628A4FC4E00C206DC /* THBPixelBufferPoolAdaptor.h */ = {isa = PBXFileReference; fileEncoding = 4; lastKnownFileType = sourcecode.c.h; path = THBPixelBufferPoolAdaptor.h; sourceTree = "<group>"; };
		1553279728A4FC4E00C206DC /* THBTexture.h */ = {isa = PBXFileReference; fileEncoding = 4; lastKnownFileType = sourcecode.c.h; path = THBTexture.h; sourceTree = "<group>"; };
		1553279828A4FC4E00C206DC /* THBPixelBufferUtil.h */ = {isa = PBXFileReference; fileEncoding = 4; lastKnownFileType = sourcecode.c.h; path = THBPixelBufferUtil.h; sourceTree = "<group>"; };
		1553279928A4FC4E00C206DC /* THBPixelBufferPool.m */ = {isa = PBXFileReference; fileEncoding = 4; lastKnownFileType = sourcecode.c.objc; path = THBPixelBufferPool.m; sourceTree = "<group>"; };
		155327CC28A659A300C206DC /* THBBuilder.m */ = {isa = PBXFileReference; fileEncoding = 4; lastKnownFileType = sourcecode.c.objc; path = THBBuilder.m; sourceTree = "<group>"; };
		155327CE28A659A300C206DC /* THBMedium.h */ = {isa = PBXFileReference; fileEncoding = 4; lastKnownFileType = sourcecode.c.h; path = THBMedium.h; sourceTree = "<group>"; };
		155327CF28A659A300C206DC /* THBVideoMedium.m */ = {isa = PBXFileReference; fileEncoding = 4; lastKnownFileType = sourcecode.c.objc; path = THBVideoMedium.m; sourceTree = "<group>"; };
		155327D028A659A300C206DC /* THBAudioMixMedium.m */ = {isa = PBXFileReference; fileEncoding = 4; lastKnownFileType = sourcecode.c.objc; path = THBAudioMixMedium.m; sourceTree = "<group>"; };
		155327D128A659A300C206DC /* THBAudioMedium.h */ = {isa = PBXFileReference; fileEncoding = 4; lastKnownFileType = sourcecode.c.h; path = THBAudioMedium.h; sourceTree = "<group>"; };
		155327D228A659A300C206DC /* THBMedium.m */ = {isa = PBXFileReference; fileEncoding = 4; lastKnownFileType = sourcecode.c.objc; path = THBMedium.m; sourceTree = "<group>"; };
		155327D328A659A300C206DC /* THBAudioMedium.m */ = {isa = PBXFileReference; fileEncoding = 4; lastKnownFileType = sourcecode.c.objc; path = THBAudioMedium.m; sourceTree = "<group>"; };
		155327D428A659A300C206DC /* THBAudioMixMedium.h */ = {isa = PBXFileReference; fileEncoding = 4; lastKnownFileType = sourcecode.c.h; path = THBAudioMixMedium.h; sourceTree = "<group>"; };
		155327D528A659A300C206DC /* THBVideoMedium.h */ = {isa = PBXFileReference; fileEncoding = 4; lastKnownFileType = sourcecode.c.h; path = THBVideoMedium.h; sourceTree = "<group>"; };
		155327D628A659A300C206DC /* THBBuilder.h */ = {isa = PBXFileReference; fileEncoding = 4; lastKnownFileType = sourcecode.c.h; path = THBBuilder.h; sourceTree = "<group>"; };
		155327DD28A659E300C206DC /* THBVideoCompositor.m */ = {isa = PBXFileReference; fileEncoding = 4; lastKnownFileType = sourcecode.c.objc; path = THBVideoCompositor.m; sourceTree = "<group>"; };
		155327DE28A659E300C206DC /* THBVideoCompositionInstruction.m */ = {isa = PBXFileReference; fileEncoding = 4; lastKnownFileType = sourcecode.c.objc; path = THBVideoCompositionInstruction.m; sourceTree = "<group>"; };
		155327DF28A659E300C206DC /* THBVideoCompositor.h */ = {isa = PBXFileReference; fileEncoding = 4; lastKnownFileType = sourcecode.c.h; path = THBVideoCompositor.h; sourceTree = "<group>"; };
		155327E028A659E300C206DC /* THBVideoCompositionInstruction.h */ = {isa = PBXFileReference; fileEncoding = 4; lastKnownFileType = sourcecode.c.h; path = THBVideoCompositionInstruction.h; sourceTree = "<group>"; };
		155327E128A659E300C206DC /* THBVideoRenderProtocol.h */ = {isa = PBXFileReference; fileEncoding = 4; lastKnownFileType = sourcecode.c.h; path = THBVideoRenderProtocol.h; sourceTree = "<group>"; };
		155327E428A66FA500C206DC /* NSArray+THBExtend.m */ = {isa = PBXFileReference; fileEncoding = 4; lastKnownFileType = sourcecode.c.objc; path = "NSArray+THBExtend.m"; sourceTree = "<group>"; };
		155327E528A66FA500C206DC /* NSArray+THBExtend.h */ = {isa = PBXFileReference; fileEncoding = 4; lastKnownFileType = sourcecode.c.h; path = "NSArray+THBExtend.h"; sourceTree = "<group>"; };
		155327E728A66FE900C206DC /* THBAVFoundationUtil.h */ = {isa = PBXFileReference; fileEncoding = 4; lastKnownFileType = sourcecode.c.h; path = THBAVFoundationUtil.h; sourceTree = "<group>"; };
		155327E828A66FE900C206DC /* THBAVFoundationUtil.m */ = {isa = PBXFileReference; fileEncoding = 4; lastKnownFileType = sourcecode.c.objc; path = THBAVFoundationUtil.m; sourceTree = "<group>"; };
		158EECC728B3AFF300F04514 /* CXXFillColorRenderNode.h */ = {isa = PBXFileReference; fileEncoding = 4; lastKnownFileType = sourcecode.c.h; path = CXXFillColorRenderNode.h; sourceTree = "<group>"; };
		158EECCB28B3AFF300F04514 /* MNTPMesh.h */ = {isa = PBXFileReference; fileEncoding = 4; lastKnownFileType = sourcecode.c.h; path = MNTPMesh.h; sourceTree = "<group>"; };
		158EECCC28B3AFF300F04514 /* MNTPMesh.mm */ = {isa = PBXFileReference; fileEncoding = 4; lastKnownFileType = sourcecode.cpp.objcpp; path = MNTPMesh.mm; sourceTree = "<group>"; };
		158EECCE28B3AFF300F04514 /* MNTP3DObjCache.m */ = {isa = PBXFileReference; fileEncoding = 4; lastKnownFileType = sourcecode.c.objc; path = MNTP3DObjCache.m; sourceTree = "<group>"; };
		158EECCF28B3AFF300F04514 /* MNTP3DAsset.m */ = {isa = PBXFileReference; fileEncoding = 4; lastKnownFileType = sourcecode.c.objc; path = MNTP3DAsset.m; sourceTree = "<group>"; };
		158EECD028B3AFF300F04514 /* MNTP3DAssetLoader.h */ = {isa = PBXFileReference; fileEncoding = 4; lastKnownFileType = sourcecode.c.h; path = MNTP3DAssetLoader.h; sourceTree = "<group>"; };
		158EECD128B3AFF300F04514 /* MNTP3DObjCache.h */ = {isa = PBXFileReference; fileEncoding = 4; lastKnownFileType = sourcecode.c.h; path = MNTP3DObjCache.h; sourceTree = "<group>"; };
		158EECD228B3AFF300F04514 /* MNTP3DAssetLoader.mm */ = {isa = PBXFileReference; fileEncoding = 4; lastKnownFileType = sourcecode.cpp.objcpp; path = MNTP3DAssetLoader.mm; sourceTree = "<group>"; };
		158EECD328B3AFF300F04514 /* MNTP3DAsset.h */ = {isa = PBXFileReference; fileEncoding = 4; lastKnownFileType = sourcecode.c.h; path = MNTP3DAsset.h; sourceTree = "<group>"; };
		158EECD428B3AFF300F04514 /* MNTPMathUtils.h */ = {isa = PBXFileReference; fileEncoding = 4; lastKnownFileType = sourcecode.c.h; path = MNTPMathUtils.h; sourceTree = "<group>"; };
		158EECD528B3AFF300F04514 /* AAPLMathUtilities.h */ = {isa = PBXFileReference; fileEncoding = 4; lastKnownFileType = sourcecode.c.h; path = AAPLMathUtilities.h; sourceTree = "<group>"; };
		158EECD728B3AFF300F04514 /* MNTPSubmesh.mm */ = {isa = PBXFileReference; fileEncoding = 4; lastKnownFileType = sourcecode.cpp.objcpp; path = MNTPSubmesh.mm; sourceTree = "<group>"; };
		158EECD828B3AFF300F04514 /* MNTPSubmesh.h */ = {isa = PBXFileReference; fileEncoding = 4; lastKnownFileType = sourcecode.c.h; path = MNTPSubmesh.h; sourceTree = "<group>"; };
		158EECD928B3AFF300F04514 /* MNTPMathUtils.m */ = {isa = PBXFileReference; fileEncoding = 4; lastKnownFileType = sourcecode.c.objc; path = MNTPMathUtils.m; sourceTree = "<group>"; };
		158EECDA28B3AFF300F04514 /* AAPLMathUtilities.m */ = {isa = PBXFileReference; fileEncoding = 4; lastKnownFileType = sourcecode.c.objc; path = AAPLMathUtilities.m; sourceTree = "<group>"; };
		158EECDC28B3AFF300F04514 /* MNTPMaterial.h */ = {isa = PBXFileReference; fileEncoding = 4; lastKnownFileType = sourcecode.c.h; path = MNTPMaterial.h; sourceTree = "<group>"; };
		158EECDD28B3AFF300F04514 /* MNTPMaterial.m */ = {isa = PBXFileReference; fileEncoding = 4; lastKnownFileType = sourcecode.c.objc; path = MNTPMaterial.m; sourceTree = "<group>"; };
		158EECE928B3AFF300F04514 /* CXXFillColorRenderNode.m */ = {isa = PBXFileReference; fileEncoding = 4; lastKnownFileType = sourcecode.c.objc; path = CXXFillColorRenderNode.m; sourceTree = "<group>"; };
		158EECEB28B3AFF300F04514 /* THBContext.m */ = {isa = PBXFileReference; fileEncoding = 4; lastKnownFileType = sourcecode.c.objc; path = THBContext.m; sourceTree = "<group>"; };
		158EECEC28B3AFF300F04514 /* GPUImageContext.m */ = {isa = PBXFileReference; fileEncoding = 4; lastKnownFileType = sourcecode.c.objc; path = GPUImageContext.m; sourceTree = "<group>"; };
		158EECED28B3AFF300F04514 /* GLProgram.m */ = {isa = PBXFileReference; fileEncoding = 4; lastKnownFileType = sourcecode.c.objc; path = GLProgram.m; sourceTree = "<group>"; };
		158EECEE28B3AFF300F04514 /* THBContext.h */ = {isa = PBXFileReference; fileEncoding = 4; lastKnownFileType = sourcecode.c.h; path = THBContext.h; sourceTree = "<group>"; };
		158EECEF28B3AFF300F04514 /* GPUImageContext.h */ = {isa = PBXFileReference; fileEncoding = 4; lastKnownFileType = sourcecode.c.h; path = GPUImageContext.h; sourceTree = "<group>"; };
		158EECF028B3AFF300F04514 /* GLProgram.h */ = {isa = PBXFileReference; fileEncoding = 4; lastKnownFileType = sourcecode.c.h; path = GLProgram.h; sourceTree = "<group>"; };
		158EECF328B3AFF300F04514 /* THBOrientationRenderNode.m */ = {isa = PBXFileReference; fileEncoding = 4; lastKnownFileType = sourcecode.c.objc; path = THBOrientationRenderNode.m; sourceTree = "<group>"; };
		158EECF428B3AFF300F04514 /* THBOrientationRenderNode.h */ = {isa = PBXFileReference; fileEncoding = 4; lastKnownFileType = sourcecode.c.h; path = THBOrientationRenderNode.h; sourceTree = "<group>"; };
		158EECF528B3AFF300F04514 /* AAPLShaderTypes.h */ = {isa = PBXFileReference; fileEncoding = 4; lastKnownFileType = sourcecode.c.h; path = AAPLShaderTypes.h; sourceTree = "<group>"; };
		158EECF628B3AFF300F04514 /* MipmapShaders.metal */ = {isa = PBXFileReference; fileEncoding = 4; lastKnownFileType = sourcecode.metal; path = MipmapShaders.metal; sourceTree = "<group>"; };
		158EECF728B3AFF300F04514 /* MsaaShaders.metal */ = {isa = PBXFileReference; fileEncoding = 4; lastKnownFileType = sourcecode.metal; path = MsaaShaders.metal; sourceTree = "<group>"; };
		158EECF828B3AFF300F04514 /* AAPLShaders.metal */ = {isa = PBXFileReference; fileEncoding = 4; lastKnownFileType = sourcecode.metal; path = AAPLShaders.metal; sourceTree = "<group>"; };
		15D9C5CE28A4EBB70094642F /* video-test.app */ = {isa = PBXFileReference; explicitFileType = wrapper.application; includeInIndex = 0; path = "video-test.app"; sourceTree = BUILT_PRODUCTS_DIR; };
		15D9C5D128A4EBB70094642F /* AppDelegate.h */ = {isa = PBXFileReference; lastKnownFileType = sourcecode.c.h; path = AppDelegate.h; sourceTree = "<group>"; };
		15D9C5D228A4EBB70094642F /* AppDelegate.m */ = {isa = PBXFileReference; lastKnownFileType = sourcecode.c.objc; path = AppDelegate.m; sourceTree = "<group>"; };
		15D9C5D428A4EBB70094642F /* SceneDelegate.h */ = {isa = PBXFileReference; lastKnownFileType = sourcecode.c.h; path = SceneDelegate.h; sourceTree = "<group>"; };
		15D9C5D528A4EBB70094642F /* SceneDelegate.m */ = {isa = PBXFileReference; lastKnownFileType = sourcecode.c.objc; path = SceneDelegate.m; sourceTree = "<group>"; };
		15D9C5D728A4EBB70094642F /* ViewController.h */ = {isa = PBXFileReference; lastKnownFileType = sourcecode.c.h; path = ViewController.h; sourceTree = "<group>"; };
		15D9C5D828A4EBB70094642F /* ViewController.m */ = {isa = PBXFileReference; lastKnownFileType = sourcecode.c.objc; path = ViewController.m; sourceTree = "<group>"; };
		15D9C5DB28A4EBB70094642F /* Base */ = {isa = PBXFileReference; lastKnownFileType = file.storyboard; name = Base; path = Base.lproj/Main.storyboard; sourceTree = "<group>"; };
		15D9C5DD28A4EBB80094642F /* Assets.xcassets */ = {isa = PBXFileReference; lastKnownFileType = folder.assetcatalog; path = Assets.xcassets; sourceTree = "<group>"; };
		15D9C5E028A4EBB80094642F /* Base */ = {isa = PBXFileReference; lastKnownFileType = file.storyboard; name = Base; path = Base.lproj/LaunchScreen.storyboard; sourceTree = "<group>"; };
		15D9C5E228A4EBB80094642F /* Info.plist */ = {isa = PBXFileReference; lastKnownFileType = text.plist.xml; path = Info.plist; sourceTree = "<group>"; };
		15D9C5E328A4EBB80094642F /* main.m */ = {isa = PBXFileReference; lastKnownFileType = sourcecode.c.objc; path = main.m; sourceTree = "<group>"; };
		187E6A8529B27A7808AA373A /* Pods-video-test.release.xcconfig */ = {isa = PBXFileReference; includeInIndex = 1; lastKnownFileType = text.xcconfig; name = "Pods-video-test.release.xcconfig"; path = "Target Support Files/Pods-video-test/Pods-video-test.release.xcconfig"; sourceTree = "<group>"; };
		2EC335A1037DD5E41516850F /* Pods_video_test.framework */ = {isa = PBXFileReference; explicitFileType = wrapper.framework; includeInIndex = 0; path = Pods_video_test.framework; sourceTree = BUILT_PRODUCTS_DIR; };
		582833BFB03DD5555C0EFDB1 /* Pods-video-test.debug.xcconfig */ = {isa = PBXFileReference; includeInIndex = 1; lastKnownFileType = text.xcconfig; name = "Pods-video-test.debug.xcconfig"; path = "Target Support Files/Pods-video-test/Pods-video-test.debug.xcconfig"; sourceTree = "<group>"; };
/* End PBXFileReference section */

/* Begin PBXFrameworksBuildPhase section */
		15D9C5CB28A4EBB70094642F /* Frameworks */ = {
			isa = PBXFrameworksBuildPhase;
			buildActionMask = 2147483647;
			files = (
				1544568128A673D100585431 /* AVFoundation.framework in Frameworks */,
				1544568528A6741A00585431 /* Accelerate.framework in Frameworks */,
				7018DDF93A1FD3A06E8F9B6D /* Pods_video_test.framework in Frameworks */,
				1544568328A6740200585431 /* VideoToolbox.framework in Frameworks */,
			);
			runOnlyForDeploymentPostprocessing = 0;
		};
/* End PBXFrameworksBuildPhase section */

/* Begin PBXGroup section */
		1544568728A674FD00585431 /* render */ = {
			isa = PBXGroup;
			children = (
				1544569B28A687DD00585431 /* yue_fs.fsh */,
				1544569A28A687DD00585431 /* yue_vs.fsh */,
				1544569328A6828100585431 /* EAVYUV2RGBRenderNode.h */,
				1544569428A6828100585431 /* EAVYUV2RGBRenderNode.m */,
				1544568828A6750C00585431 /* EAVVideoRenderer.h */,
				1544568928A6750C00585431 /* EAVVideoRenderer.m */,
			);
			path = render;
			sourceTree = "<group>";
		};
		1553276828A4EDB600C206DC /* video */ = {
			isa = PBXGroup;
			children = (
				1553276E28A4EDFF00C206DC /* THBVideoTestVC.h */,
				1553276F28A4EDFF00C206DC /* THBVideoTestVC.m */,
				1553277028A4EDFF00C206DC /* THBVideoTestVC.xib */,
			);
			path = video;
			sourceTree = "<group>";
		};
		1553277428A4FC3C00C206DC /* renderlib */ = {
			isa = PBXGroup;
			children = (
				158EECF128B3AFF300F04514 /* metallib */,
				158EECC528B3AFF300F04514 /* opengllib */,
				1553279128A4FC4E00C206DC /* texture */,
			);
			path = renderlib;
			sourceTree = "<group>";
		};
		1553277628A4FC4E00C206DC /* category */ = {
			isa = PBXGroup;
			children = (
				155327E528A66FA500C206DC /* NSArray+THBExtend.h */,
				155327E428A66FA500C206DC /* NSArray+THBExtend.m */,
				1553277A28A4FC4E00C206DC /* UIImage+THBExtend.h */,
				1553277828A4FC4E00C206DC /* UIImage+THBExtend.m */,
			);
			path = category;
			sourceTree = "<group>";
		};
		1553279128A4FC4E00C206DC /* texture */ = {
			isa = PBXGroup;
			children = (
				1553279728A4FC4E00C206DC /* THBTexture.h */,
				1553279228A4FC4E00C206DC /* THBTexture.m */,
				1553279428A4FC4E00C206DC /* THBPixelBufferPool.h */,
				1553279928A4FC4E00C206DC /* THBPixelBufferPool.m */,
				1553279628A4FC4E00C206DC /* THBPixelBufferPoolAdaptor.h */,
				1553279328A4FC4E00C206DC /* THBPixelBufferPoolAdaptor.m */,
				1553279828A4FC4E00C206DC /* THBPixelBufferUtil.h */,
				1553279528A4FC4E00C206DC /* THBPixelBufferUtil.m */,
			);
			path = texture;
			sourceTree = "<group>";
		};
		155327C828A6593400C206DC /* videolib */ = {
			isa = PBXGroup;
			children = (
				1544568C28A67F5300585431 /* video_60.mov */,
				1544568728A674FD00585431 /* render */,
				155327E728A66FE900C206DC /* THBAVFoundationUtil.h */,
				155327E828A66FE900C206DC /* THBAVFoundationUtil.m */,
				155327DC28A659E300C206DC /* Compositor */,
				155327CB28A659A300C206DC /* Builder */,
			);
			path = videolib;
			sourceTree = "<group>";
		};
		155327CB28A659A300C206DC /* Builder */ = {
			isa = PBXGroup;
			children = (
				155327D628A659A300C206DC /* THBBuilder.h */,
				155327CC28A659A300C206DC /* THBBuilder.m */,
				155327CD28A659A300C206DC /* Medium */,
			);
			path = Builder;
			sourceTree = "<group>";
		};
		155327CD28A659A300C206DC /* Medium */ = {
			isa = PBXGroup;
			children = (
				155327CE28A659A300C206DC /* THBMedium.h */,
				155327D228A659A300C206DC /* THBMedium.m */,
				155327D128A659A300C206DC /* THBAudioMedium.h */,
				155327D328A659A300C206DC /* THBAudioMedium.m */,
				155327D428A659A300C206DC /* THBAudioMixMedium.h */,
				155327D028A659A300C206DC /* THBAudioMixMedium.m */,
				155327D528A659A300C206DC /* THBVideoMedium.h */,
				155327CF28A659A300C206DC /* THBVideoMedium.m */,
			);
			path = Medium;
			sourceTree = "<group>";
		};
		155327DC28A659E300C206DC /* Compositor */ = {
			isa = PBXGroup;
			children = (
				155327E028A659E300C206DC /* THBVideoCompositionInstruction.h */,
				155327DE28A659E300C206DC /* THBVideoCompositionInstruction.m */,
				155327DF28A659E300C206DC /* THBVideoCompositor.h */,
				155327DD28A659E300C206DC /* THBVideoCompositor.m */,
				155327E128A659E300C206DC /* THBVideoRenderProtocol.h */,
			);
			path = Compositor;
			sourceTree = "<group>";
		};
		158EECC528B3AFF300F04514 /* opengllib */ = {
			isa = PBXGroup;
			children = (
				158EECC728B3AFF300F04514 /* CXXFillColorRenderNode.h */,
				158EECE928B3AFF300F04514 /* CXXFillColorRenderNode.m */,
				158EECC928B3AFF300F04514 /* Model */,
				158EECEA28B3AFF300F04514 /* opengl */,
			);
			path = opengllib;
			sourceTree = "<group>";
		};
		158EECC928B3AFF300F04514 /* Model */ = {
			isa = PBXGroup;
			children = (
				158EECCA28B3AFF300F04514 /* Mesh */,
				158EECCD28B3AFF300F04514 /* Asset */,
				158EECD428B3AFF300F04514 /* MNTPMathUtils.h */,
				158EECD528B3AFF300F04514 /* AAPLMathUtilities.h */,
				158EECD628B3AFF300F04514 /* Submesh */,
				158EECD928B3AFF300F04514 /* MNTPMathUtils.m */,
				158EECDA28B3AFF300F04514 /* AAPLMathUtilities.m */,
				158EECDB28B3AFF300F04514 /* Material */,
			);
			path = Model;
			sourceTree = "<group>";
		};
		158EECCA28B3AFF300F04514 /* Mesh */ = {
			isa = PBXGroup;
			children = (
				158EECCB28B3AFF300F04514 /* MNTPMesh.h */,
				158EECCC28B3AFF300F04514 /* MNTPMesh.mm */,
			);
			path = Mesh;
			sourceTree = "<group>";
		};
		158EECCD28B3AFF300F04514 /* Asset */ = {
			isa = PBXGroup;
			children = (
				158EECCE28B3AFF300F04514 /* MNTP3DObjCache.m */,
				158EECCF28B3AFF300F04514 /* MNTP3DAsset.m */,
				158EECD028B3AFF300F04514 /* MNTP3DAssetLoader.h */,
				158EECD128B3AFF300F04514 /* MNTP3DObjCache.h */,
				158EECD228B3AFF300F04514 /* MNTP3DAssetLoader.mm */,
				158EECD328B3AFF300F04514 /* MNTP3DAsset.h */,
			);
			path = Asset;
			sourceTree = "<group>";
		};
		158EECD628B3AFF300F04514 /* Submesh */ = {
			isa = PBXGroup;
			children = (
				158EECD728B3AFF300F04514 /* MNTPSubmesh.mm */,
				158EECD828B3AFF300F04514 /* MNTPSubmesh.h */,
			);
			path = Submesh;
			sourceTree = "<group>";
		};
		158EECDB28B3AFF300F04514 /* Material */ = {
			isa = PBXGroup;
			children = (
				158EECDC28B3AFF300F04514 /* MNTPMaterial.h */,
				158EECDD28B3AFF300F04514 /* MNTPMaterial.m */,
			);
			path = Material;
			sourceTree = "<group>";
		};
		158EECEA28B3AFF300F04514 /* opengl */ = {
			isa = PBXGroup;
			children = (
				158EECEB28B3AFF300F04514 /* THBContext.m */,
				158EECEC28B3AFF300F04514 /* GPUImageContext.m */,
				158EECED28B3AFF300F04514 /* GLProgram.m */,
				158EECEE28B3AFF300F04514 /* THBContext.h */,
				158EECEF28B3AFF300F04514 /* GPUImageContext.h */,
				158EECF028B3AFF300F04514 /* GLProgram.h */,
			);
			path = opengl;
			sourceTree = "<group>";
		};
		158EECF128B3AFF300F04514 /* metallib */ = {
			isa = PBXGroup;
			children = (
				158EECF828B3AFF300F04514 /* AAPLShaders.metal */,
				158EECF528B3AFF300F04514 /* AAPLShaderTypes.h */,
				158EECF628B3AFF300F04514 /* MipmapShaders.metal */,
				158EECF728B3AFF300F04514 /* MsaaShaders.metal */,
				158EECF228B3AFF300F04514 /* orientation */,
			);
			path = metallib;
			sourceTree = "<group>";
		};
		158EECF228B3AFF300F04514 /* orientation */ = {
			isa = PBXGroup;
			children = (
				158EECF328B3AFF300F04514 /* THBOrientationRenderNode.m */,
				158EECF428B3AFF300F04514 /* THBOrientationRenderNode.h */,
			);
			path = orientation;
			sourceTree = "<group>";
		};
		15D9C5C528A4EBB70094642F = {
			isa = PBXGroup;
			children = (
				15D9C5D028A4EBB70094642F /* video-test */,
				15D9C5CF28A4EBB70094642F /* Products */,
				8BCBA8813DE56D12051AB7EA /* Pods */,
				BE34C4E60906E72729460540 /* Frameworks */,
			);
			sourceTree = "<group>";
		};
		15D9C5CF28A4EBB70094642F /* Products */ = {
			isa = PBXGroup;
			children = (
				15D9C5CE28A4EBB70094642F /* video-test.app */,
			);
			name = Products;
			sourceTree = "<group>";
		};
		15D9C5D028A4EBB70094642F /* video-test */ = {
			isa = PBXGroup;
			children = (
				1544568E28A67F7800585431 /* fullmoon_01.mp4 */,
				1553277628A4FC4E00C206DC /* category */,
				155327C828A6593400C206DC /* videolib */,
				1553277428A4FC3C00C206DC /* renderlib */,
				1553276828A4EDB600C206DC /* video */,
				15D9C5D128A4EBB70094642F /* AppDelegate.h */,
				15D9C5D228A4EBB70094642F /* AppDelegate.m */,
				15D9C5D428A4EBB70094642F /* SceneDelegate.h */,
				15D9C5D528A4EBB70094642F /* SceneDelegate.m */,
				15D9C5D728A4EBB70094642F /* ViewController.h */,
				15D9C5D828A4EBB70094642F /* ViewController.m */,
				15D9C5DA28A4EBB70094642F /* Main.storyboard */,
				15D9C5DD28A4EBB80094642F /* Assets.xcassets */,
				15D9C5DF28A4EBB80094642F /* LaunchScreen.storyboard */,
				15D9C5E228A4EBB80094642F /* Info.plist */,
				15D9C5E328A4EBB80094642F /* main.m */,
			);
			path = "video-test";
			sourceTree = "<group>";
		};
		8BCBA8813DE56D12051AB7EA /* Pods */ = {
			isa = PBXGroup;
			children = (
				582833BFB03DD5555C0EFDB1 /* Pods-video-test.debug.xcconfig */,
				187E6A8529B27A7808AA373A /* Pods-video-test.release.xcconfig */,
			);
			path = Pods;
			sourceTree = "<group>";
		};
		BE34C4E60906E72729460540 /* Frameworks */ = {
			isa = PBXGroup;
			children = (
				1544568428A6741A00585431 /* Accelerate.framework */,
				1544568228A6740200585431 /* VideoToolbox.framework */,
				1544568028A673D100585431 /* AVFoundation.framework */,
				2EC335A1037DD5E41516850F /* Pods_video_test.framework */,
			);
			name = Frameworks;
			sourceTree = "<group>";
		};
/* End PBXGroup section */

/* Begin PBXNativeTarget section */
		15D9C5CD28A4EBB70094642F /* video-test */ = {
			isa = PBXNativeTarget;
			buildConfigurationList = 15D9C5FD28A4EBB90094642F /* Build configuration list for PBXNativeTarget "video-test" */;
			buildPhases = (
				34D517CE4C7C422797FE5EA7 /* [CP] Check Pods Manifest.lock */,
				15D9C5CA28A4EBB70094642F /* Sources */,
				15D9C5CB28A4EBB70094642F /* Frameworks */,
				15D9C5CC28A4EBB70094642F /* Resources */,
				5767169924D1B78FA81DBC5D /* [CP] Embed Pods Frameworks */,
			);
			buildRules = (
			);
			dependencies = (
			);
			name = "video-test";
			productName = "video-test";
			productReference = 15D9C5CE28A4EBB70094642F /* video-test.app */;
			productType = "com.apple.product-type.application";
		};
/* End PBXNativeTarget section */

/* Begin PBXProject section */
		15D9C5C628A4EBB70094642F /* Project object */ = {
			isa = PBXProject;
			attributes = {
				BuildIndependentTargetsInParallel = 1;
				LastUpgradeCheck = 1340;
				TargetAttributes = {
					15D9C5CD28A4EBB70094642F = {
						CreatedOnToolsVersion = 13.4.1;
					};
				};
			};
			buildConfigurationList = 15D9C5C928A4EBB70094642F /* Build configuration list for PBXProject "video-test" */;
			compatibilityVersion = "Xcode 13.0";
			developmentRegion = en;
			hasScannedForEncodings = 0;
			knownRegions = (
				en,
				Base,
			);
			mainGroup = 15D9C5C528A4EBB70094642F;
			productRefGroup = 15D9C5CF28A4EBB70094642F /* Products */;
			projectDirPath = "";
			projectRoot = "";
			targets = (
				15D9C5CD28A4EBB70094642F /* video-test */,
			);
		};
/* End PBXProject section */

/* Begin PBXResourcesBuildPhase section */
		15D9C5CC28A4EBB70094642F /* Resources */ = {
			isa = PBXResourcesBuildPhase;
			buildActionMask = 2147483647;
			files = (
				15D9C5E128A4EBB80094642F /* LaunchScreen.storyboard in Resources */,
				1553277228A4EDFF00C206DC /* THBVideoTestVC.xib in Resources */,
				1544569D28A687DD00585431 /* yue_fs.fsh in Resources */,
				1544568F28A67F7800585431 /* fullmoon_01.mp4 in Resources */,
				15D9C5DE28A4EBB80094642F /* Assets.xcassets in Resources */,
				1544568D28A67F5300585431 /* video_60.mov in Resources */,
				15D9C5DC28A4EBB70094642F /* Main.storyboard in Resources */,
				1544569C28A687DD00585431 /* yue_vs.fsh in Resources */,
			);
			runOnlyForDeploymentPostprocessing = 0;
		};
/* End PBXResourcesBuildPhase section */

/* Begin PBXShellScriptBuildPhase section */
		34D517CE4C7C422797FE5EA7 /* [CP] Check Pods Manifest.lock */ = {
			isa = PBXShellScriptBuildPhase;
			buildActionMask = 2147483647;
			files = (
			);
			inputFileListPaths = (
			);
			inputPaths = (
				"${PODS_PODFILE_DIR_PATH}/Podfile.lock",
				"${PODS_ROOT}/Manifest.lock",
			);
			name = "[CP] Check Pods Manifest.lock";
			outputFileListPaths = (
			);
			outputPaths = (
				"$(DERIVED_FILE_DIR)/Pods-video-test-checkManifestLockResult.txt",
			);
			runOnlyForDeploymentPostprocessing = 0;
			shellPath = /bin/sh;
			shellScript = "diff \"${PODS_PODFILE_DIR_PATH}/Podfile.lock\" \"${PODS_ROOT}/Manifest.lock\" > /dev/null\nif [ $? != 0 ] ; then\n    # print error to STDERR\n    echo \"error: The sandbox is not in sync with the Podfile.lock. Run 'pod install' or update your CocoaPods installation.\" >&2\n    exit 1\nfi\n# This output is used by Xcode 'outputs' to avoid re-running this script phase.\necho \"SUCCESS\" > \"${SCRIPT_OUTPUT_FILE_0}\"\n";
			showEnvVarsInLog = 0;
		};
		5767169924D1B78FA81DBC5D /* [CP] Embed Pods Frameworks */ = {
			isa = PBXShellScriptBuildPhase;
			buildActionMask = 2147483647;
			files = (
			);
			inputFileListPaths = (
				"${PODS_ROOT}/Target Support Files/Pods-video-test/Pods-video-test-frameworks-${CONFIGURATION}-input-files.xcfilelist",
			);
			name = "[CP] Embed Pods Frameworks";
			outputFileListPaths = (
				"${PODS_ROOT}/Target Support Files/Pods-video-test/Pods-video-test-frameworks-${CONFIGURATION}-output-files.xcfilelist",
			);
			runOnlyForDeploymentPostprocessing = 0;
			shellPath = /bin/sh;
			shellScript = "\"${PODS_ROOT}/Target Support Files/Pods-video-test/Pods-video-test-frameworks.sh\"\n";
			showEnvVarsInLog = 0;
		};
/* End PBXShellScriptBuildPhase section */

/* Begin PBXSourcesBuildPhase section */
		15D9C5CA28A4EBB70094642F /* Sources */ = {
			isa = PBXSourcesBuildPhase;
			buildActionMask = 2147483647;
			files = (
				155327D828A659A300C206DC /* THBVideoMedium.m in Sources */,
				158EED0E28B3AFF300F04514 /* AAPLShaders.metal in Sources */,
				155327A328A4FC4E00C206DC /* UIImage+THBExtend.m in Sources */,
				158EED0728B3AFF300F04514 /* CXXFillColorRenderNode.m in Sources */,
				155327AC28A4FC4E00C206DC /* THBTexture.m in Sources */,
				15D9C5D928A4EBB70094642F /* ViewController.m in Sources */,
				158EED0B28B3AFF300F04514 /* THBOrientationRenderNode.m in Sources */,
				155327E928A66FE900C206DC /* THBAVFoundationUtil.m in Sources */,
				15D9C5D328A4EBB70094642F /* AppDelegate.m in Sources */,
				1553277128A4EDFF00C206DC /* THBVideoTestVC.m in Sources */,
				1544568A28A6750C00585431 /* EAVVideoRenderer.m in Sources */,
				158EECFC28B3AFF300F04514 /* MNTP3DObjCache.m in Sources */,
				155327AD28A4FC4E00C206DC /* THBPixelBufferPoolAdaptor.m in Sources */,
				158EED0928B3AFF300F04514 /* GPUImageContext.m in Sources */,
				158EED0028B3AFF300F04514 /* MNTPMathUtils.m in Sources */,
				1544569528A6828100585431 /* EAVYUV2RGBRenderNode.m in Sources */,
				155327E328A659E300C206DC /* THBVideoCompositionInstruction.m in Sources */,
				158EECFD28B3AFF300F04514 /* MNTP3DAsset.m in Sources */,
				158EED0C28B3AFF300F04514 /* MipmapShaders.metal in Sources */,
				155327E628A66FA500C206DC /* NSArray+THBExtend.m in Sources */,
				158EED0128B3AFF300F04514 /* AAPLMathUtilities.m in Sources */,
				155327D928A659A300C206DC /* THBAudioMixMedium.m in Sources */,
				155327AF28A4FC4E00C206DC /* THBPixelBufferPool.m in Sources */,
				158EED0D28B3AFF300F04514 /* MsaaShaders.metal in Sources */,
				155327E228A659E300C206DC /* THBVideoCompositor.m in Sources */,
				158EED0828B3AFF300F04514 /* THBContext.m in Sources */,
				155327AE28A4FC4E00C206DC /* THBPixelBufferUtil.m in Sources */,
				158EECFF28B3AFF300F04514 /* MNTPSubmesh.mm in Sources */,
				155327D728A659A300C206DC /* THBBuilder.m in Sources */,
				155327DB28A659A300C206DC /* THBAudioMedium.m in Sources */,
				155327DA28A659A300C206DC /* THBMedium.m in Sources */,
				158EECFE28B3AFF300F04514 /* MNTP3DAssetLoader.mm in Sources */,
				15D9C5E428A4EBB80094642F /* main.m in Sources */,
				158EED0A28B3AFF300F04514 /* GLProgram.m in Sources */,
				158EED0228B3AFF300F04514 /* MNTPMaterial.m in Sources */,
				15D9C5D628A4EBB70094642F /* SceneDelegate.m in Sources */,
				158EECFB28B3AFF300F04514 /* MNTPMesh.mm in Sources */,
			);
			runOnlyForDeploymentPostprocessing = 0;
		};
/* End PBXSourcesBuildPhase section */

/* Begin PBXVariantGroup section */
		15D9C5DA28A4EBB70094642F /* Main.storyboard */ = {
			isa = PBXVariantGroup;
			children = (
				15D9C5DB28A4EBB70094642F /* Base */,
			);
			name = Main.storyboard;
			sourceTree = "<group>";
		};
		15D9C5DF28A4EBB80094642F /* LaunchScreen.storyboard */ = {
			isa = PBXVariantGroup;
			children = (
				15D9C5E028A4EBB80094642F /* Base */,
			);
			name = LaunchScreen.storyboard;
			sourceTree = "<group>";
		};
/* End PBXVariantGroup section */

/* Begin XCBuildConfiguration section */
		15D9C5FB28A4EBB90094642F /* Debug */ = {
			isa = XCBuildConfiguration;
			buildSettings = {
				ALWAYS_SEARCH_USER_PATHS = NO;
				CLANG_ANALYZER_NONNULL = YES;
				CLANG_ANALYZER_NUMBER_OBJECT_CONVERSION = YES_AGGRESSIVE;
				CLANG_CXX_LANGUAGE_STANDARD = "gnu++17";
				CLANG_ENABLE_MODULES = YES;
				CLANG_ENABLE_OBJC_ARC = YES;
				CLANG_ENABLE_OBJC_WEAK = YES;
				CLANG_WARN_BLOCK_CAPTURE_AUTORELEASING = YES;
				CLANG_WARN_BOOL_CONVERSION = YES;
				CLANG_WARN_COMMA = YES;
				CLANG_WARN_CONSTANT_CONVERSION = YES;
				CLANG_WARN_DEPRECATED_OBJC_IMPLEMENTATIONS = YES;
				CLANG_WARN_DIRECT_OBJC_ISA_USAGE = YES_ERROR;
				CLANG_WARN_DOCUMENTATION_COMMENTS = YES;
				CLANG_WARN_EMPTY_BODY = YES;
				CLANG_WARN_ENUM_CONVERSION = YES;
				CLANG_WARN_INFINITE_RECURSION = YES;
				CLANG_WARN_INT_CONVERSION = YES;
				CLANG_WARN_NON_LITERAL_NULL_CONVERSION = YES;
				CLANG_WARN_OBJC_IMPLICIT_RETAIN_SELF = YES;
				CLANG_WARN_OBJC_LITERAL_CONVERSION = YES;
				CLANG_WARN_OBJC_ROOT_CLASS = YES_ERROR;
				CLANG_WARN_QUOTED_INCLUDE_IN_FRAMEWORK_HEADER = YES;
				CLANG_WARN_RANGE_LOOP_ANALYSIS = YES;
				CLANG_WARN_STRICT_PROTOTYPES = YES;
				CLANG_WARN_SUSPICIOUS_MOVE = YES;
				CLANG_WARN_UNGUARDED_AVAILABILITY = YES_AGGRESSIVE;
				CLANG_WARN_UNREACHABLE_CODE = YES;
				CLANG_WARN__DUPLICATE_METHOD_MATCH = YES;
				COPY_PHASE_STRIP = NO;
				DEBUG_INFORMATION_FORMAT = dwarf;
				ENABLE_STRICT_OBJC_MSGSEND = YES;
				ENABLE_TESTABILITY = YES;
				GCC_C_LANGUAGE_STANDARD = gnu11;
				GCC_DYNAMIC_NO_PIC = NO;
				GCC_NO_COMMON_BLOCKS = YES;
				GCC_OPTIMIZATION_LEVEL = 0;
				GCC_PREPROCESSOR_DEFINITIONS = (
					"DEBUG=1",
					"$(inherited)",
				);
				GCC_WARN_64_TO_32_BIT_CONVERSION = YES;
				GCC_WARN_ABOUT_RETURN_TYPE = YES_ERROR;
				GCC_WARN_UNDECLARED_SELECTOR = YES;
				GCC_WARN_UNINITIALIZED_AUTOS = YES_AGGRESSIVE;
				GCC_WARN_UNUSED_FUNCTION = YES;
				GCC_WARN_UNUSED_VARIABLE = YES;
				IPHONEOS_DEPLOYMENT_TARGET = 15.5;
				MTL_ENABLE_DEBUG_INFO = INCLUDE_SOURCE;
				MTL_FAST_MATH = YES;
				ONLY_ACTIVE_ARCH = YES;
				SDKROOT = iphoneos;
			};
			name = Debug;
		};
		15D9C5FC28A4EBB90094642F /* Release */ = {
			isa = XCBuildConfiguration;
			buildSettings = {
				ALWAYS_SEARCH_USER_PATHS = NO;
				CLANG_ANALYZER_NONNULL = YES;
				CLANG_ANALYZER_NUMBER_OBJECT_CONVERSION = YES_AGGRESSIVE;
				CLANG_CXX_LANGUAGE_STANDARD = "gnu++17";
				CLANG_ENABLE_MODULES = YES;
				CLANG_ENABLE_OBJC_ARC = YES;
				CLANG_ENABLE_OBJC_WEAK = YES;
				CLANG_WARN_BLOCK_CAPTURE_AUTORELEASING = YES;
				CLANG_WARN_BOOL_CONVERSION = YES;
				CLANG_WARN_COMMA = YES;
				CLANG_WARN_CONSTANT_CONVERSION = YES;
				CLANG_WARN_DEPRECATED_OBJC_IMPLEMENTATIONS = YES;
				CLANG_WARN_DIRECT_OBJC_ISA_USAGE = YES_ERROR;
				CLANG_WARN_DOCUMENTATION_COMMENTS = YES;
				CLANG_WARN_EMPTY_BODY = YES;
				CLANG_WARN_ENUM_CONVERSION = YES;
				CLANG_WARN_INFINITE_RECURSION = YES;
				CLANG_WARN_INT_CONVERSION = YES;
				CLANG_WARN_NON_LITERAL_NULL_CONVERSION = YES;
				CLANG_WARN_OBJC_IMPLICIT_RETAIN_SELF = YES;
				CLANG_WARN_OBJC_LITERAL_CONVERSION = YES;
				CLANG_WARN_OBJC_ROOT_CLASS = YES_ERROR;
				CLANG_WARN_QUOTED_INCLUDE_IN_FRAMEWORK_HEADER = YES;
				CLANG_WARN_RANGE_LOOP_ANALYSIS = YES;
				CLANG_WARN_STRICT_PROTOTYPES = YES;
				CLANG_WARN_SUSPICIOUS_MOVE = YES;
				CLANG_WARN_UNGUARDED_AVAILABILITY = YES_AGGRESSIVE;
				CLANG_WARN_UNREACHABLE_CODE = YES;
				CLANG_WARN__DUPLICATE_METHOD_MATCH = YES;
				COPY_PHASE_STRIP = NO;
				DEBUG_INFORMATION_FORMAT = "dwarf-with-dsym";
				ENABLE_NS_ASSERTIONS = NO;
				ENABLE_STRICT_OBJC_MSGSEND = YES;
				GCC_C_LANGUAGE_STANDARD = gnu11;
				GCC_NO_COMMON_BLOCKS = YES;
				GCC_WARN_64_TO_32_BIT_CONVERSION = YES;
				GCC_WARN_ABOUT_RETURN_TYPE = YES_ERROR;
				GCC_WARN_UNDECLARED_SELECTOR = YES;
				GCC_WARN_UNINITIALIZED_AUTOS = YES_AGGRESSIVE;
				GCC_WARN_UNUSED_FUNCTION = YES;
				GCC_WARN_UNUSED_VARIABLE = YES;
				IPHONEOS_DEPLOYMENT_TARGET = 15.5;
				MTL_ENABLE_DEBUG_INFO = NO;
				MTL_FAST_MATH = YES;
				SDKROOT = iphoneos;
				VALIDATE_PRODUCT = YES;
			};
			name = Release;
		};
		15D9C5FE28A4EBB90094642F /* Debug */ = {
			isa = XCBuildConfiguration;
			baseConfigurationReference = 582833BFB03DD5555C0EFDB1 /* Pods-video-test.debug.xcconfig */;
			buildSettings = {
				ASSETCATALOG_COMPILER_APPICON_NAME = AppIcon;
				ASSETCATALOG_COMPILER_GLOBAL_ACCENT_COLOR_NAME = AccentColor;
				CODE_SIGN_STYLE = Automatic;
				CURRENT_PROJECT_VERSION = 1;
				DEVELOPMENT_TEAM = D345JDMWWU;
				GCC_PREPROCESSOR_DEFINITIONS = (
					"$(inherited)",
					"COCOAPODS=1",
					"GLES_SILENCE_DEPRECATION=1",
				);
				GENERATE_INFOPLIST_FILE = YES;
				INFOPLIST_FILE = "video-test/Info.plist";
				INFOPLIST_KEY_UIApplicationSupportsIndirectInputEvents = YES;
				INFOPLIST_KEY_UILaunchStoryboardName = LaunchScreen;
				INFOPLIST_KEY_UIMainStoryboardFile = Main;
				INFOPLIST_KEY_UISupportedInterfaceOrientations_iPad = "UIInterfaceOrientationPortrait UIInterfaceOrientationPortraitUpsideDown UIInterfaceOrientationLandscapeLeft UIInterfaceOrientationLandscapeRight";
				INFOPLIST_KEY_UISupportedInterfaceOrientations_iPhone = "UIInterfaceOrientationPortrait UIInterfaceOrientationLandscapeLeft UIInterfaceOrientationLandscapeRight";
				IPHONEOS_DEPLOYMENT_TARGET = 13.0;
				LD_RUNPATH_SEARCH_PATHS = (
					"$(inherited)",
					"@executable_path/Frameworks",
				);
				MARKETING_VERSION = 1.0;
				PRODUCT_BUNDLE_IDENTIFIER = "test.video-test.aa";
				PRODUCT_NAME = "$(TARGET_NAME)";
				SWIFT_EMIT_LOC_STRINGS = YES;
				TARGETED_DEVICE_FAMILY = "1,2";
			};
			name = Debug;
		};
		15D9C5FF28A4EBB90094642F /* Release */ = {
			isa = XCBuildConfiguration;
			baseConfigurationReference = 187E6A8529B27A7808AA373A /* Pods-video-test.release.xcconfig */;
			buildSettings = {
				ASSETCATALOG_COMPILER_APPICON_NAME = AppIcon;
				ASSETCATALOG_COMPILER_GLOBAL_ACCENT_COLOR_NAME = AccentColor;
				CODE_SIGN_STYLE = Automatic;
				CURRENT_PROJECT_VERSION = 1;
				DEVELOPMENT_TEAM = D345JDMWWU;
				GCC_PREPROCESSOR_DEFINITIONS = (
					"$(inherited)",
					"COCOAPODS=1",
					"GLES_SILENCE_DEPRECATION=1",
				);
				GENERATE_INFOPLIST_FILE = YES;
				INFOPLIST_FILE = "video-test/Info.plist";
				INFOPLIST_KEY_UIApplicationSupportsIndirectInputEvents = YES;
				INFOPLIST_KEY_UILaunchStoryboardName = LaunchScreen;
				INFOPLIST_KEY_UIMainStoryboardFile = Main;
				INFOPLIST_KEY_UISupportedInterfaceOrientations_iPad = "UIInterfaceOrientationPortrait UIInterfaceOrientationPortraitUpsideDown UIInterfaceOrientationLandscapeLeft UIInterfaceOrientationLandscapeRight";
				INFOPLIST_KEY_UISupportedInterfaceOrientations_iPhone = "UIInterfaceOrientationPortrait UIInterfaceOrientationLandscapeLeft UIInterfaceOrientationLandscapeRight";
				IPHONEOS_DEPLOYMENT_TARGET = 13.0;
				LD_RUNPATH_SEARCH_PATHS = (
					"$(inherited)",
					"@executable_path/Frameworks",
				);
				MARKETING_VERSION = 1.0;
				PRODUCT_BUNDLE_IDENTIFIER = "test.video-test.aa";
				PRODUCT_NAME = "$(TARGET_NAME)";
				SWIFT_EMIT_LOC_STRINGS = YES;
				TARGETED_DEVICE_FAMILY = "1,2";
			};
			name = Release;
		};
/* End XCBuildConfiguration section */

/* Begin XCConfigurationList section */
		15D9C5C928A4EBB70094642F /* Build configuration list for PBXProject "video-test" */ = {
			isa = XCConfigurationList;
			buildConfigurations = (
				15D9C5FB28A4EBB90094642F /* Debug */,
				15D9C5FC28A4EBB90094642F /* Release */,
			);
			defaultConfigurationIsVisible = 0;
			defaultConfigurationName = Release;
		};
		15D9C5FD28A4EBB90094642F /* Build configuration list for PBXNativeTarget "video-test" */ = {
			isa = XCConfigurationList;
			buildConfigurations = (
				15D9C5FE28A4EBB90094642F /* Debug */,
				15D9C5FF28A4EBB90094642F /* Release */,
			);
			defaultConfigurationIsVisible = 0;
			defaultConfigurationName = Release;
		};
/* End XCConfigurationList section */
	};
	rootObject = 15D9C5C628A4EBB70094642F /* Project object */;
}
